// !$*UTF8*$!
{
	archiveVersion = 1;
	classes = {
	};
	objectVersion = 50;
	objects = {

/* Begin PBXBuildFile section */
		B6092821268CABED00F897E5 /* main.swift in Sources */ = {isa = PBXBuildFile; fileRef = B6092820268CABED00F897E5 /* main.swift */; };
		B6092828268CAC1E00F897E5 /* Weapon.swift in Sources */ = {isa = PBXBuildFile; fileRef = B6092827268CAC1E00F897E5 /* Weapon.swift */; };
		B6092838268CAEAB00F897E5 /* FighterType.swift in Sources */ = {isa = PBXBuildFile; fileRef = B6092837268CAEAB00F897E5 /* FighterType.swift */; };
		B609283A268CAF1000F897E5 /* Fighter.swift in Sources */ = {isa = PBXBuildFile; fileRef = B6092839268CAF1000F897E5 /* Fighter.swift */; };
		B609283D268CC2ED00F897E5 /* Player.swift in Sources */ = {isa = PBXBuildFile; fileRef = B609283C268CC2ED00F897E5 /* Player.swift */; };
		B63115EB269CA6890029848E /* Game.swift in Sources */ = {isa = PBXBuildFile; fileRef = B63115EA269CA6890029848E /* Game.swift */; };
		B631163B269F67FA0029848E /* main.swift in Sources */ = {isa = PBXBuildFile; fileRef = B6092820268CABED00F897E5 /* main.swift */; };
		B631163C269F67FF0029848E /* Player.swift in Sources */ = {isa = PBXBuildFile; fileRef = B609283C268CC2ED00F897E5 /* Player.swift */; };
		B631163D269F68030029848E /* Game.swift in Sources */ = {isa = PBXBuildFile; fileRef = B63115EA269CA6890029848E /* Game.swift */; };
		B631163E269F68070029848E /* FighterType.swift in Sources */ = {isa = PBXBuildFile; fileRef = B6092837268CAEAB00F897E5 /* FighterType.swift */; };
		B631163F269F68150029848E /* Fighter.swift in Sources */ = {isa = PBXBuildFile; fileRef = B6092839268CAF1000F897E5 /* Fighter.swift */; };
		B6311641269F68240029848E /* Weapon.swift in Sources */ = {isa = PBXBuildFile; fileRef = B6092827268CAC1E00F897E5 /* Weapon.swift */; };
		B63116EE26A897010029848E /* Bow.swift in Sources */ = {isa = PBXBuildFile; fileRef = B63116ED26A897010029848E /* Bow.swift */; };
		B63116F026A897180029848E /* Sword.swift in Sources */ = {isa = PBXBuildFile; fileRef = B63116EF26A897180029848E /* Sword.swift */; };
		B63116F226A897410029848E /* Saber.swift in Sources */ = {isa = PBXBuildFile; fileRef = B63116F126A897410029848E /* Saber.swift */; };
		B63116F426A897590029848E /* Dagger.swift in Sources */ = {isa = PBXBuildFile; fileRef = B63116F326A897590029848E /* Dagger.swift */; };
		B63116F626A897740029848E /* Slicer.swift in Sources */ = {isa = PBXBuildFile; fileRef = B63116F526A897740029848E /* Slicer.swift */; };
		B63116F826A897910029848E /* Spectre.swift in Sources */ = {isa = PBXBuildFile; fileRef = B63116F726A897910029848E /* Spectre.swift */; };
		B63116FA26A897F70029848E /* Archer.swift in Sources */ = {isa = PBXBuildFile; fileRef = B63116F926A897F70029848E /* Archer.swift */; };
		B63116FC26A8980D0029848E /* Barbarian.swift in Sources */ = {isa = PBXBuildFile; fileRef = B63116FB26A8980D0029848E /* Barbarian.swift */; };
		B63116FE26A898420029848E /* Samurai.swift in Sources */ = {isa = PBXBuildFile; fileRef = B63116FD26A898420029848E /* Samurai.swift */; };
		B631170026A8985B0029848E /* Gladiator.swift in Sources */ = {isa = PBXBuildFile; fileRef = B63116FF26A8985B0029848E /* Gladiator.swift */; };
		B631170226A898740029848E /* Knight.swift in Sources */ = {isa = PBXBuildFile; fileRef = B631170126A898740029848E /* Knight.swift */; };
		B631170426A898880029848E /* Mage.swift in Sources */ = {isa = PBXBuildFile; fileRef = B631170326A898880029848E /* Mage.swift */; };
		B631172726A96B0E0029848E /* FighterTestCase.swift in Sources */ = {isa = PBXBuildFile; fileRef = B631172626A96B0E0029848E /* FighterTestCase.swift */; };
		B631172826A96B1F0029848E /* Spectre.swift in Sources */ = {isa = PBXBuildFile; fileRef = B63116F726A897910029848E /* Spectre.swift */; };
		B631172926A96B220029848E /* Slicer.swift in Sources */ = {isa = PBXBuildFile; fileRef = B63116F526A897740029848E /* Slicer.swift */; };
		B631172A26A96B260029848E /* Dagger.swift in Sources */ = {isa = PBXBuildFile; fileRef = B63116F326A897590029848E /* Dagger.swift */; };
		B631172B26A96B2B0029848E /* Saber.swift in Sources */ = {isa = PBXBuildFile; fileRef = B63116F126A897410029848E /* Saber.swift */; };
		B631172C26A96B300029848E /* Sword.swift in Sources */ = {isa = PBXBuildFile; fileRef = B63116EF26A897180029848E /* Sword.swift */; };
		B631172D26A96B330029848E /* Bow.swift in Sources */ = {isa = PBXBuildFile; fileRef = B63116ED26A897010029848E /* Bow.swift */; };
		B631172E26A96B3E0029848E /* Mage.swift in Sources */ = {isa = PBXBuildFile; fileRef = B631170326A898880029848E /* Mage.swift */; };
		B631172F26A96B420029848E /* Knight.swift in Sources */ = {isa = PBXBuildFile; fileRef = B631170126A898740029848E /* Knight.swift */; };
		B631173026A96B450029848E /* Gladiator.swift in Sources */ = {isa = PBXBuildFile; fileRef = B63116FF26A8985B0029848E /* Gladiator.swift */; };
		B631173126A96B480029848E /* Samurai.swift in Sources */ = {isa = PBXBuildFile; fileRef = B63116FD26A898420029848E /* Samurai.swift */; };
		B631173226A96B4C0029848E /* Barbarian.swift in Sources */ = {isa = PBXBuildFile; fileRef = B63116FB26A8980D0029848E /* Barbarian.swift */; };
		B631173326A96B4F0029848E /* Archer.swift in Sources */ = {isa = PBXBuildFile; fileRef = B63116F926A897F70029848E /* Archer.swift */; };
		B631173726A9728E0029848E /* FighterMock.swift in Sources */ = {isa = PBXBuildFile; fileRef = B631173626A9728E0029848E /* FighterMock.swift */; };
/* End PBXBuildFile section */

/* Begin PBXCopyFilesBuildPhase section */
		B609281B268CABED00F897E5 /* CopyFiles */ = {
			isa = PBXCopyFilesBuildPhase;
			buildActionMask = 2147483647;
			dstPath = /usr/share/man/man1/;
			dstSubfolderSpec = 0;
			files = (
			);
			runOnlyForDeploymentPostprocessing = 1;
		};
/* End PBXCopyFilesBuildPhase section */

/* Begin PBXFileReference section */
		B609281D268CABED00F897E5 /* FightersClashes */ = {isa = PBXFileReference; explicitFileType = "compiled.mach-o.executable"; includeInIndex = 0; path = FightersClashes; sourceTree = BUILT_PRODUCTS_DIR; };
		B6092820268CABED00F897E5 /* main.swift */ = {isa = PBXFileReference; lastKnownFileType = sourcecode.swift; path = main.swift; sourceTree = "<group>"; };
		B6092827268CAC1E00F897E5 /* Weapon.swift */ = {isa = PBXFileReference; lastKnownFileType = sourcecode.swift; path = Weapon.swift; sourceTree = "<group>"; };
		B6092837268CAEAB00F897E5 /* FighterType.swift */ = {isa = PBXFileReference; lastKnownFileType = sourcecode.swift; path = FighterType.swift; sourceTree = "<group>"; };
		B6092839268CAF1000F897E5 /* Fighter.swift */ = {isa = PBXFileReference; lastKnownFileType = sourcecode.swift; path = Fighter.swift; sourceTree = "<group>"; };
		B609283C268CC2ED00F897E5 /* Player.swift */ = {isa = PBXFileReference; lastKnownFileType = sourcecode.swift; path = Player.swift; sourceTree = "<group>"; };
		B609285526903DC900F897E5 /* FightersClashesTests.xctest */ = {isa = PBXFileReference; explicitFileType = wrapper.cfbundle; includeInIndex = 0; path = FightersClashesTests.xctest; sourceTree = BUILT_PRODUCTS_DIR; };
		B609285926903DC900F897E5 /* Info.plist */ = {isa = PBXFileReference; lastKnownFileType = text.plist.xml; path = Info.plist; sourceTree = "<group>"; };
		B63115EA269CA6890029848E /* Game.swift */ = {isa = PBXFileReference; lastKnownFileType = sourcecode.swift; path = Game.swift; sourceTree = "<group>"; };
		B63116ED26A897010029848E /* Bow.swift */ = {isa = PBXFileReference; lastKnownFileType = sourcecode.swift; path = Bow.swift; sourceTree = "<group>"; };
		B63116EF26A897180029848E /* Sword.swift */ = {isa = PBXFileReference; lastKnownFileType = sourcecode.swift; path = Sword.swift; sourceTree = "<group>"; };
		B63116F126A897410029848E /* Saber.swift */ = {isa = PBXFileReference; lastKnownFileType = sourcecode.swift; path = Saber.swift; sourceTree = "<group>"; };
		B63116F326A897590029848E /* Dagger.swift */ = {isa = PBXFileReference; lastKnownFileType = sourcecode.swift; path = Dagger.swift; sourceTree = "<group>"; };
		B63116F526A897740029848E /* Slicer.swift */ = {isa = PBXFileReference; lastKnownFileType = sourcecode.swift; path = Slicer.swift; sourceTree = "<group>"; };
		B63116F726A897910029848E /* Spectre.swift */ = {isa = PBXFileReference; lastKnownFileType = sourcecode.swift; path = Spectre.swift; sourceTree = "<group>"; };
		B63116F926A897F70029848E /* Archer.swift */ = {isa = PBXFileReference; lastKnownFileType = sourcecode.swift; path = Archer.swift; sourceTree = "<group>"; };
		B63116FB26A8980D0029848E /* Barbarian.swift */ = {isa = PBXFileReference; lastKnownFileType = sourcecode.swift; path = Barbarian.swift; sourceTree = "<group>"; };
		B63116FD26A898420029848E /* Samurai.swift */ = {isa = PBXFileReference; lastKnownFileType = sourcecode.swift; path = Samurai.swift; sourceTree = "<group>"; };
		B63116FF26A8985B0029848E /* Gladiator.swift */ = {isa = PBXFileReference; lastKnownFileType = sourcecode.swift; path = Gladiator.swift; sourceTree = "<group>"; };
		B631170126A898740029848E /* Knight.swift */ = {isa = PBXFileReference; lastKnownFileType = sourcecode.swift; path = Knight.swift; sourceTree = "<group>"; };
		B631170326A898880029848E /* Mage.swift */ = {isa = PBXFileReference; lastKnownFileType = sourcecode.swift; path = Mage.swift; sourceTree = "<group>"; };
		B631172626A96B0E0029848E /* FighterTestCase.swift */ = {isa = PBXFileReference; lastKnownFileType = sourcecode.swift; path = FighterTestCase.swift; sourceTree = "<group>"; };
		B631173626A9728E0029848E /* FighterMock.swift */ = {isa = PBXFileReference; lastKnownFileType = sourcecode.swift; path = FighterMock.swift; sourceTree = "<group>"; };
/* End PBXFileReference section */

/* Begin PBXFrameworksBuildPhase section */
		B609281A268CABED00F897E5 /* Frameworks */ = {
			isa = PBXFrameworksBuildPhase;
			buildActionMask = 2147483647;
			files = (
			);
			runOnlyForDeploymentPostprocessing = 0;
		};
		B609285226903DC900F897E5 /* Frameworks */ = {
			isa = PBXFrameworksBuildPhase;
			buildActionMask = 2147483647;
			files = (
			);
			runOnlyForDeploymentPostprocessing = 0;
		};
/* End PBXFrameworksBuildPhase section */

/* Begin PBXGroup section */
		B6092814268CABED00F897E5 = {
			isa = PBXGroup;
			children = (
				B609281F268CABED00F897E5 /* FightersClashes */,
				B609285626903DC900F897E5 /* FightersClashesTests */,
				B609281E268CABED00F897E5 /* Products */,
			);
			sourceTree = "<group>";
		};
		B609281E268CABED00F897E5 /* Products */ = {
			isa = PBXGroup;
			children = (
				B609281D268CABED00F897E5 /* FightersClashes */,
				B609285526903DC900F897E5 /* FightersClashesTests.xctest */,
			);
			name = Products;
			sourceTree = "<group>";
		};
		B609281F268CABED00F897E5 /* FightersClashes */ = {
			isa = PBXGroup;
			children = (
				B6092820268CABED00F897E5 /* main.swift */,
				B63115E9269CA67E0029848E /* Game */,
				B609283C268CC2ED00F897E5 /* Player.swift */,
				B609282A268CAC5200F897E5 /* Fighters */,
				B6092829268CAC3000F897E5 /* Weapons */,
			);
			path = FightersClashes;
			sourceTree = "<group>";
		};
		B6092829268CAC3000F897E5 /* Weapons */ = {
			isa = PBXGroup;
			children = (
				B6092827268CAC1E00F897E5 /* Weapon.swift */,
				B63116ED26A897010029848E /* Bow.swift */,
				B63116EF26A897180029848E /* Sword.swift */,
				B63116F126A897410029848E /* Saber.swift */,
				B63116F326A897590029848E /* Dagger.swift */,
				B63116F526A897740029848E /* Slicer.swift */,
				B63116F726A897910029848E /* Spectre.swift */,
			);
			path = Weapons;
			sourceTree = "<group>";
		};
		B609282A268CAC5200F897E5 /* Fighters */ = {
			isa = PBXGroup;
			children = (
				B6092837268CAEAB00F897E5 /* FighterType.swift */,
				B6092839268CAF1000F897E5 /* Fighter.swift */,
				B63116F926A897F70029848E /* Archer.swift */,
				B63116FB26A8980D0029848E /* Barbarian.swift */,
				B63116FD26A898420029848E /* Samurai.swift */,
				B63116FF26A8985B0029848E /* Gladiator.swift */,
				B631170126A898740029848E /* Knight.swift */,
				B631170326A898880029848E /* Mage.swift */,
			);
			path = Fighters;
			sourceTree = "<group>";
		};
		B609285626903DC900F897E5 /* FightersClashesTests */ = {
			isa = PBXGroup;
			children = (
				B609285926903DC900F897E5 /* Info.plist */,
				B631172626A96B0E0029848E /* FighterTestCase.swift */,
				B631173626A9728E0029848E /* FighterMock.swift */,
			);
			path = FightersClashesTests;
			sourceTree = "<group>";
		};
		B63115E9269CA67E0029848E /* Game */ = {
			isa = PBXGroup;
			children = (
				B63115EA269CA6890029848E /* Game.swift */,
			);
			path = Game;
			sourceTree = "<group>";
		};
/* End PBXGroup section */

/* Begin PBXNativeTarget section */
		B609281C268CABED00F897E5 /* FightersClashes */ = {
			isa = PBXNativeTarget;
			buildConfigurationList = B6092824268CABED00F897E5 /* Build configuration list for PBXNativeTarget "FightersClashes" */;
			buildPhases = (
				B6092819268CABED00F897E5 /* Sources */,
				B609281A268CABED00F897E5 /* Frameworks */,
				B609281B268CABED00F897E5 /* CopyFiles */,
			);
			buildRules = (
			);
			dependencies = (
			);
			name = FightersClashes;
			productName = FightersClashes;
			productReference = B609281D268CABED00F897E5 /* FightersClashes */;
			productType = "com.apple.product-type.tool";
		};
		B609285426903DC900F897E5 /* FightersClashesTests */ = {
			isa = PBXNativeTarget;
			buildConfigurationList = B609285C26903DC900F897E5 /* Build configuration list for PBXNativeTarget "FightersClashesTests" */;
			buildPhases = (
				B609285126903DC900F897E5 /* Sources */,
				B609285226903DC900F897E5 /* Frameworks */,
				B609285326903DC900F897E5 /* Resources */,
			);
			buildRules = (
			);
			dependencies = (
			);
			name = FightersClashesTests;
			productName = FightersClashesTests;
			productReference = B609285526903DC900F897E5 /* FightersClashesTests.xctest */;
			productType = "com.apple.product-type.bundle.unit-test";
		};
/* End PBXNativeTarget section */

/* Begin PBXProject section */
		B6092815268CABED00F897E5 /* Project object */ = {
			isa = PBXProject;
			attributes = {
				LastSwiftUpdateCheck = 1250;
				LastUpgradeCheck = 1250;
				TargetAttributes = {
					B609281C268CABED00F897E5 = {
						CreatedOnToolsVersion = 12.5;
					};
					B609285426903DC900F897E5 = {
						CreatedOnToolsVersion = 12.5;
						LastSwiftMigration = 1250;
					};
				};
			};
			buildConfigurationList = B6092818268CABED00F897E5 /* Build configuration list for PBXProject "FightersClashes" */;
			compatibilityVersion = "Xcode 9.3";
			developmentRegion = en;
			hasScannedForEncodings = 0;
			knownRegions = (
				en,
				Base,
			);
			mainGroup = B6092814268CABED00F897E5;
			productRefGroup = B609281E268CABED00F897E5 /* Products */;
			projectDirPath = "";
			projectRoot = "";
			targets = (
				B609281C268CABED00F897E5 /* FightersClashes */,
				B609285426903DC900F897E5 /* FightersClashesTests */,
			);
		};
/* End PBXProject section */

/* Begin PBXResourcesBuildPhase section */
		B609285326903DC900F897E5 /* Resources */ = {
			isa = PBXResourcesBuildPhase;
			buildActionMask = 2147483647;
			files = (
			);
			runOnlyForDeploymentPostprocessing = 0;
		};
/* End PBXResourcesBuildPhase section */

/* Begin PBXSourcesBuildPhase section */
		B6092819268CABED00F897E5 /* Sources */ = {
			isa = PBXSourcesBuildPhase;
			buildActionMask = 2147483647;
			files = (
				B63116FE26A898420029848E /* Samurai.swift in Sources */,
				B631170026A8985B0029848E /* Gladiator.swift in Sources */,
				B631170226A898740029848E /* Knight.swift in Sources */,
				B6092821268CABED00F897E5 /* main.swift in Sources */,
				B63116F626A897740029848E /* Slicer.swift in Sources */,
				B63116F826A897910029848E /* Spectre.swift in Sources */,
				B609283A268CAF1000F897E5 /* Fighter.swift in Sources */,
				B6092828268CAC1E00F897E5 /* Weapon.swift in Sources */,
				B63116F226A897410029848E /* Saber.swift in Sources */,
				B631170426A898880029848E /* Mage.swift in Sources */,
				B63116EE26A897010029848E /* Bow.swift in Sources */,
				B63115EB269CA6890029848E /* Game.swift in Sources */,
				B63116FC26A8980D0029848E /* Barbarian.swift in Sources */,
				B63116F026A897180029848E /* Sword.swift in Sources */,
				B63116FA26A897F70029848E /* Archer.swift in Sources */,
				B63116F426A897590029848E /* Dagger.swift in Sources */,
				B6092838268CAEAB00F897E5 /* FighterType.swift in Sources */,
				B609283D268CC2ED00F897E5 /* Player.swift in Sources */,
			);
			runOnlyForDeploymentPostprocessing = 0;
		};
		B609285126903DC900F897E5 /* Sources */ = {
			isa = PBXSourcesBuildPhase;
			buildActionMask = 2147483647;
			files = (
				B631163F269F68150029848E /* Fighter.swift in Sources */,
				B631173026A96B450029848E /* Gladiator.swift in Sources */,
				B631163C269F67FF0029848E /* Player.swift in Sources */,
				B631172926A96B220029848E /* Slicer.swift in Sources */,
				B631163D269F68030029848E /* Game.swift in Sources */,
				B631172F26A96B420029848E /* Knight.swift in Sources */,
				B631163B269F67FA0029848E /* main.swift in Sources */,
				B631173726A9728E0029848E /* FighterMock.swift in Sources */,
				B631172D26A96B330029848E /* Bow.swift in Sources */,
				B631172C26A96B300029848E /* Sword.swift in Sources */,
				B631172B26A96B2B0029848E /* Saber.swift in Sources */,
				B631163E269F68070029848E /* FighterType.swift in Sources */,
				B631173126A96B480029848E /* Samurai.swift in Sources */,
				B6311641269F68240029848E /* Weapon.swift in Sources */,
				B631172A26A96B260029848E /* Dagger.swift in Sources */,
				B631172826A96B1F0029848E /* Spectre.swift in Sources */,
				B631173326A96B4F0029848E /* Archer.swift in Sources */,
				B631172726A96B0E0029848E /* FighterTestCase.swift in Sources */,
				B631173226A96B4C0029848E /* Barbarian.swift in Sources */,
				B631172E26A96B3E0029848E /* Mage.swift in Sources */,
			);
			runOnlyForDeploymentPostprocessing = 0;
		};
/* End PBXSourcesBuildPhase section */

/* Begin XCBuildConfiguration section */
		B6092822268CABED00F897E5 /* Debug */ = {
			isa = XCBuildConfiguration;
			buildSettings = {
				ALWAYS_SEARCH_USER_PATHS = NO;
				CLANG_ANALYZER_NONNULL = YES;
				CLANG_ANALYZER_NUMBER_OBJECT_CONVERSION = YES_AGGRESSIVE;
				CLANG_CXX_LANGUAGE_STANDARD = "gnu++14";
				CLANG_CXX_LIBRARY = "libc++";
				CLANG_ENABLE_MODULES = YES;
				CLANG_ENABLE_OBJC_ARC = YES;
				CLANG_ENABLE_OBJC_WEAK = YES;
				CLANG_WARN_BLOCK_CAPTURE_AUTORELEASING = YES;
				CLANG_WARN_BOOL_CONVERSION = YES;
				CLANG_WARN_COMMA = YES;
				CLANG_WARN_CONSTANT_CONVERSION = YES;
				CLANG_WARN_DEPRECATED_OBJC_IMPLEMENTATIONS = YES;
				CLANG_WARN_DIRECT_OBJC_ISA_USAGE = YES_ERROR;
				CLANG_WARN_DOCUMENTATION_COMMENTS = YES;
				CLANG_WARN_EMPTY_BODY = YES;
				CLANG_WARN_ENUM_CONVERSION = YES;
				CLANG_WARN_INFINITE_RECURSION = YES;
				CLANG_WARN_INT_CONVERSION = YES;
				CLANG_WARN_NON_LITERAL_NULL_CONVERSION = YES;
				CLANG_WARN_OBJC_IMPLICIT_RETAIN_SELF = YES;
				CLANG_WARN_OBJC_LITERAL_CONVERSION = YES;
				CLANG_WARN_OBJC_ROOT_CLASS = YES_ERROR;
				CLANG_WARN_QUOTED_INCLUDE_IN_FRAMEWORK_HEADER = YES;
				CLANG_WARN_RANGE_LOOP_ANALYSIS = YES;
				CLANG_WARN_STRICT_PROTOTYPES = YES;
				CLANG_WARN_SUSPICIOUS_MOVE = YES;
				CLANG_WARN_UNGUARDED_AVAILABILITY = YES_AGGRESSIVE;
				CLANG_WARN_UNREACHABLE_CODE = YES;
				CLANG_WARN__DUPLICATE_METHOD_MATCH = YES;
				COPY_PHASE_STRIP = NO;
				DEBUG_INFORMATION_FORMAT = dwarf;
				ENABLE_STRICT_OBJC_MSGSEND = YES;
				ENABLE_TESTABILITY = YES;
				GCC_C_LANGUAGE_STANDARD = gnu11;
				GCC_DYNAMIC_NO_PIC = NO;
				GCC_NO_COMMON_BLOCKS = YES;
				GCC_OPTIMIZATION_LEVEL = 0;
				GCC_PREPROCESSOR_DEFINITIONS = (
					"DEBUG=1",
					"$(inherited)",
				);
				GCC_WARN_64_TO_32_BIT_CONVERSION = YES;
				GCC_WARN_ABOUT_RETURN_TYPE = YES_ERROR;
				GCC_WARN_UNDECLARED_SELECTOR = YES;
				GCC_WARN_UNINITIALIZED_AUTOS = YES_AGGRESSIVE;
				GCC_WARN_UNUSED_FUNCTION = YES;
				GCC_WARN_UNUSED_VARIABLE = YES;
				MACOSX_DEPLOYMENT_TARGET = 11.3;
				MTL_ENABLE_DEBUG_INFO = INCLUDE_SOURCE;
				MTL_FAST_MATH = YES;
				ONLY_ACTIVE_ARCH = YES;
				SDKROOT = macosx;
				SWIFT_ACTIVE_COMPILATION_CONDITIONS = DEBUG;
				SWIFT_OPTIMIZATION_LEVEL = "-Onone";
			};
			name = Debug;
		};
		B6092823268CABED00F897E5 /* Release */ = {
			isa = XCBuildConfiguration;
			buildSettings = {
				ALWAYS_SEARCH_USER_PATHS = NO;
				CLANG_ANALYZER_NONNULL = YES;
				CLANG_ANALYZER_NUMBER_OBJECT_CONVERSION = YES_AGGRESSIVE;
				CLANG_CXX_LANGUAGE_STANDARD = "gnu++14";
				CLANG_CXX_LIBRARY = "libc++";
				CLANG_ENABLE_MODULES = YES;
				CLANG_ENABLE_OBJC_ARC = YES;
				CLANG_ENABLE_OBJC_WEAK = YES;
				CLANG_WARN_BLOCK_CAPTURE_AUTORELEASING = YES;
				CLANG_WARN_BOOL_CONVERSION = YES;
				CLANG_WARN_COMMA = YES;
				CLANG_WARN_CONSTANT_CONVERSION = YES;
				CLANG_WARN_DEPRECATED_OBJC_IMPLEMENTATIONS = YES;
				CLANG_WARN_DIRECT_OBJC_ISA_USAGE = YES_ERROR;
				CLANG_WARN_DOCUMENTATION_COMMENTS = YES;
				CLANG_WARN_EMPTY_BODY = YES;
				CLANG_WARN_ENUM_CONVERSION = YES;
				CLANG_WARN_INFINITE_RECURSION = YES;
				CLANG_WARN_INT_CONVERSION = YES;
				CLANG_WARN_NON_LITERAL_NULL_CONVERSION = YES;
				CLANG_WARN_OBJC_IMPLICIT_RETAIN_SELF = YES;
				CLANG_WARN_OBJC_LITERAL_CONVERSION = YES;
				CLANG_WARN_OBJC_ROOT_CLASS = YES_ERROR;
				CLANG_WARN_QUOTED_INCLUDE_IN_FRAMEWORK_HEADER = YES;
				CLANG_WARN_RANGE_LOOP_ANALYSIS = YES;
				CLANG_WARN_STRICT_PROTOTYPES = YES;
				CLANG_WARN_SUSPICIOUS_MOVE = YES;
				CLANG_WARN_UNGUARDED_AVAILABILITY = YES_AGGRESSIVE;
				CLANG_WARN_UNREACHABLE_CODE = YES;
				CLANG_WARN__DUPLICATE_METHOD_MATCH = YES;
				COPY_PHASE_STRIP = NO;
				DEBUG_INFORMATION_FORMAT = "dwarf-with-dsym";
				ENABLE_NS_ASSERTIONS = NO;
				ENABLE_STRICT_OBJC_MSGSEND = YES;
				GCC_C_LANGUAGE_STANDARD = gnu11;
				GCC_NO_COMMON_BLOCKS = YES;
				GCC_WARN_64_TO_32_BIT_CONVERSION = YES;
				GCC_WARN_ABOUT_RETURN_TYPE = YES_ERROR;
				GCC_WARN_UNDECLARED_SELECTOR = YES;
				GCC_WARN_UNINITIALIZED_AUTOS = YES_AGGRESSIVE;
				GCC_WARN_UNUSED_FUNCTION = YES;
				GCC_WARN_UNUSED_VARIABLE = YES;
				MACOSX_DEPLOYMENT_TARGET = 11.3;
				MTL_ENABLE_DEBUG_INFO = NO;
				MTL_FAST_MATH = YES;
				SDKROOT = macosx;
				SWIFT_COMPILATION_MODE = wholemodule;
				SWIFT_OPTIMIZATION_LEVEL = "-O";
			};
			name = Release;
		};
		B6092825268CABED00F897E5 /* Debug */ = {
			isa = XCBuildConfiguration;
			buildSettings = {
				CODE_SIGN_STYLE = Automatic;
				DEVELOPMENT_TEAM = 8ZU2A8P99A;
				ENABLE_HARDENED_RUNTIME = YES;
				PRODUCT_NAME = "$(TARGET_NAME)";
				SWIFT_VERSION = 5.0;
			};
			name = Debug;
		};
		B6092826268CABED00F897E5 /* Release */ = {
			isa = XCBuildConfiguration;
			buildSettings = {
				CODE_SIGN_STYLE = Automatic;
				DEVELOPMENT_TEAM = 8ZU2A8P99A;
				ENABLE_HARDENED_RUNTIME = YES;
				PRODUCT_NAME = "$(TARGET_NAME)";
				SWIFT_VERSION = 5.0;
			};
			name = Release;
		};
		B609285A26903DC900F897E5 /* Debug */ = {
			isa = XCBuildConfiguration;
			buildSettings = {
				CLANG_ENABLE_MODULES = YES;
				CODE_SIGN_STYLE = Automatic;
				COMBINE_HIDPI_IMAGES = YES;
				DEVELOPMENT_TEAM = 8ZU2A8P99A;
				INFOPLIST_FILE = FightersClashesTests/Info.plist;
				LD_RUNPATH_SEARCH_PATHS = (
					"$(inherited)",
					"@executable_path/../Frameworks",
					"@loader_path/../Frameworks",
				);
				PRODUCT_BUNDLE_IDENTIFIER = com.fred.FightersClashesTests;
				PRODUCT_NAME = "$(TARGET_NAME)";
				SWIFT_OPTIMIZATION_LEVEL = "-Onone";
				SWIFT_VERSION = 5.0;
			};
			name = Debug;
		};
		B609285B26903DC900F897E5 /* Release */ = {
			isa = XCBuildConfiguration;
			buildSettings = {
				CLANG_ENABLE_MODULES = YES;
				CODE_SIGN_STYLE = Automatic;
				COMBINE_HIDPI_IMAGES = YES;
				DEVELOPMENT_TEAM = 8ZU2A8P99A;
				INFOPLIST_FILE = FightersClashesTests/Info.plist;
				LD_RUNPATH_SEARCH_PATHS = (
					"$(inherited)",
					"@executable_path/../Frameworks",
					"@loader_path/../Frameworks",
				);
				PRODUCT_BUNDLE_IDENTIFIER = com.fred.FightersClashesTests;
				PRODUCT_NAME = "$(TARGET_NAME)";
				SWIFT_VERSION = 5.0;
			};
			name = Release;
		};
/* End XCBuildConfiguration section */

/* Begin XCConfigurationList section */
		B6092818268CABED00F897E5 /* Build configuration list for PBXProject "FightersClashes" */ = {
			isa = XCConfigurationList;
			buildConfigurations = (
				B6092822268CABED00F897E5 /* Debug */,
				B6092823268CABED00F897E5 /* Release */,
			);
			defaultConfigurationIsVisible = 0;
			defaultConfigurationName = Release;
		};
		B6092824268CABED00F897E5 /* Build configuration list for PBXNativeTarget "FightersClashes" */ = {
			isa = XCConfigurationList;
			buildConfigurations = (
				B6092825268CABED00F897E5 /* Debug */,
				B6092826268CABED00F897E5 /* Release */,
			);
			defaultConfigurationIsVisible = 0;
			defaultConfigurationName = Release;
		};
		B609285C26903DC900F897E5 /* Build configuration list for PBXNativeTarget "FightersClashesTests" */ = {
			isa = XCConfigurationList;
			buildConfigurations = (
				B609285A26903DC900F897E5 /* Debug */,
				B609285B26903DC900F897E5 /* Release */,
			);
			defaultConfigurationIsVisible = 0;
			defaultConfigurationName = Release;
		};
/* End XCConfigurationList section */
	};
	rootObject = B6092815268CABED00F897E5 /* Project object */;
}
